
Microsoft Visual Studio Solution File, Format Version 12.00
# Visual Studio Version 17
VisualStudioVersion = 17.9.34622.214
MinimumVisualStudioVersion = 10.0.40219.1
Project("{FAE04EC0-301F-11D3-BF4B-00C04F79EFBC}") = "control", "control\control.csproj", "{C46DE37C-B698-418B-B637-483B4D10E218}"
EndProject
Global
	GlobalSection(SolutionConfigurationPlatforms) = preSolution
		Debug|Any CPU = Debug|Any CPU
		Release|Any CPU = Release|Any CPU
	EndGlobalSection
	GlobalSection(ProjectConfigurationPlatforms) = postSolution
		{C46DE37C-B698-418B-B637-483B4D10E218}.Debug|Any CPU.ActiveCfg = Debug|Any CPU
		{C46DE37C-B698-418B-B637-483B4D10E218}.Debug|Any CPU.Build.0 = Debug|Any CPU
		{C46DE37C-B698-418B-B637-483B4D10E218}.Release|Any CPU.ActiveCfg = Release|Any CPU
		{C46DE37C-B698-418B-B637-483B4D10E218}.Release|Any CPU.Build.0 = Release|Any CPU
	EndGlobalSection
	GlobalSection(SolutionProperties) = preSolution
		HideSolutionNode = FALSE
	EndGlobalSection
	GlobalSection(ExtensibilityGlobals) = postSolution
		SolutionGuid = {C8538EA0-3066-43CE-AF24-CD60A4614270}
	EndGlobalSection
EndGlobal
