
Microsoft Visual Studio Solution File, Format Version 12.00
# Visual Studio Version 17
VisualStudioVersion = 17.9.34622.214
MinimumVisualStudioVersion = 10.0.40219.1
Project("{FAE04EC0-301F-11D3-BF4B-00C04F79EFBC}") = "WpfApp1", "WpfApp1\WpfApp1.csproj", "{37940F82-D771-4476-B380-D3B4A9956AB3}"
EndProject
Global
	GlobalSection(SolutionConfigurationPlatforms) = preSolution
		Debug|Any CPU = Debug|Any CPU
		Release|Any CPU = Release|Any CPU
	EndGlobalSection
	GlobalSection(ProjectConfigurationPlatforms) = postSolution
		{37940F82-D771-4476-B380-D3B4A9956AB3}.Debug|Any CPU.ActiveCfg = Debug|Any CPU
		{37940F82-D771-4476-B380-D3B4A9956AB3}.Debug|Any CPU.Build.0 = Debug|Any CPU
		{37940F82-D771-4476-B380-D3B4A9956AB3}.Release|Any CPU.ActiveCfg = Release|Any CPU
		{37940F82-D771-4476-B380-D3B4A9956AB3}.Release|Any CPU.Build.0 = Release|Any CPU
	EndGlobalSection
	GlobalSection(SolutionProperties) = preSolution
		HideSolutionNode = FALSE
	EndGlobalSection
	GlobalSection(ExtensibilityGlobals) = postSolution
		SolutionGuid = {7AA0A78D-9BB3-426D-A6C2-C082FA296B01}
	EndGlobalSection
EndGlobal
